
Microsoft Visual Studio Solution File, Format Version 12.00
# Visual Studio Version 17
VisualStudioVersion = 17.4.33205.214
MinimumVisualStudioVersion = 10.0.40219.1
Project("{FAE04EC0-301F-11D3-BF4B-00C04F79EFBC}") = "SGE", "SGE.csproj", "{CE1F15F3-8029-4CC2-8332-66F79825304A}"
EndProject
Global
	GlobalSection(SolutionConfigurationPlatforms) = preSolution
		Debug|Any CPU = Debug|Any CPU
		Release|Any CPU = Release|Any CPU
	EndGlobalSection
	GlobalSection(ProjectConfigurationPlatforms) = postSolution
		{CE1F15F3-8029-4CC2-8332-66F79825304A}.Debug|Any CPU.ActiveCfg = Debug|Any CPU
		{CE1F15F3-8029-4CC2-8332-66F79825304A}.Debug|Any CPU.Build.0 = Debug|Any CPU
		{CE1F15F3-8029-4CC2-8332-66F79825304A}.Release|Any CPU.ActiveCfg = Release|Any CPU
		{CE1F15F3-8029-4CC2-8332-66F79825304A}.Release|Any CPU.Build.0 = Release|Any CPU
	EndGlobalSection
	GlobalSection(SolutionProperties) = preSolution
		HideSolutionNode = FALSE
	EndGlobalSection
	GlobalSection(ExtensibilityGlobals) = postSolution
		SolutionGuid = {BACA91C1-37EC-47C9-8CF7-238E45EB84F0}
	EndGlobalSection
EndGlobal
